<?xml version="1.0" encoding="utf-8"?>
<Project ToolsVersion="17.0" xmlns="http://schemas.microsoft.com/developer/msbuild/2003">
  <ItemGroup>
    <ClCompile Include="C:\GE Series\Practice Engine\Practice\Sandbox\src\SandBoxApp.cpp">
      <Filter>Source Files</Filter>
    </ClCompile>
  </ItemGroup>
  <ItemGroup>
    <CustomBuild Include="C:\GE Series\Practice Engine\Practice\Sandbox\CMakeLists.txt" />
  </ItemGroup>
  <ItemGroup>
    <Filter Include="Source Files">
      <UniqueIdentifier>{BE6B1BAF-D763-3652-91C2-E3C331B18E91}</UniqueIdentifier>
    </Filter>
  </ItemGroup>
</Project>
