<?xml version="1.0" encoding="utf-8"?>
<Project ToolsVersion="17.0" xmlns="http://schemas.microsoft.com/developer/msbuild/2003">
  <ItemGroup>
    <ClCompile Include="C:\GE Series\Practice Engine\Practice\Practice\CMakeFiles\Lilasoul.dir\cmake_pch.cxx">
      <Filter>Source Files</Filter>
    </ClCompile>
    <ClCompile Include="C:\GE Series\Practice Engine\Practice\Practice\src\Lilasoul\Application.cpp">
      <Filter>Source Files</Filter>
    </ClCompile>
    <ClCompile Include="C:\GE Series\Practice Engine\Practice\Practice\src\Lilasoul\ImGui\ImGuiLayer.cpp">
      <Filter>Source Files</Filter>
    </ClCompile>
    <ClCompile Include="C:\GE Series\Practice Engine\Practice\Practice\src\Lilasoul\Layer.cpp">
      <Filter>Source Files</Filter>
    </ClCompile>
    <ClCompile Include="C:\GE Series\Practice Engine\Practice\Practice\src\Lilasoul\LayerStack.cpp">
      <Filter>Source Files</Filter>
    </ClCompile>
    <ClCompile Include="C:\GE Series\Practice Engine\Practice\Practice\src\Lilasoul\Log.cpp">
      <Filter>Source Files</Filter>
    </ClCompile>
    <ClCompile Include="C:\GE Series\Practice Engine\Practice\Practice\src\Platform\OpenGL\ImGuiOpenGLRenderer.cpp">
      <Filter>Source Files</Filter>
    </ClCompile>
    <ClCompile Include="C:\GE Series\Practice Engine\Practice\Practice\src\Platform\Windows\WindowsInput.cpp">
      <Filter>Source Files</Filter>
    </ClCompile>
    <ClCompile Include="C:\GE Series\Practice Engine\Practice\Practice\src\Platform\Windows\WindowsWindow.cpp">
      <Filter>Source Files</Filter>
    </ClCompile>
  </ItemGroup>
  <ItemGroup>
    <ClInclude Include="C:\GE Series\Practice Engine\Practice\Practice\src\Lilasoul.h">
      <Filter>Header Files</Filter>
    </ClInclude>
    <ClInclude Include="C:\GE Series\Practice Engine\Practice\Practice\src\Lilasoul\Application.h">
      <Filter>Header Files</Filter>
    </ClInclude>
    <ClInclude Include="C:\GE Series\Practice Engine\Practice\Practice\src\Lilasoul\Core.h">
      <Filter>Header Files</Filter>
    </ClInclude>
    <ClInclude Include="C:\GE Series\Practice Engine\Practice\Practice\src\Lilasoul\EntryPoint.h">
      <Filter>Header Files</Filter>
    </ClInclude>
    <ClInclude Include="C:\GE Series\Practice Engine\Practice\Practice\src\Lilasoul\Events\ApplicationEvent.h">
      <Filter>Header Files</Filter>
    </ClInclude>
    <ClInclude Include="C:\GE Series\Practice Engine\Practice\Practice\src\Lilasoul\Events\Event.h">
      <Filter>Header Files</Filter>
    </ClInclude>
    <ClInclude Include="C:\GE Series\Practice Engine\Practice\Practice\src\Lilasoul\Events\KeyEvent.h">
      <Filter>Header Files</Filter>
    </ClInclude>
    <ClInclude Include="C:\GE Series\Practice Engine\Practice\Practice\src\Lilasoul\Events\MouseEvent.h">
      <Filter>Header Files</Filter>
    </ClInclude>
    <ClInclude Include="C:\GE Series\Practice Engine\Practice\Practice\src\Lilasoul\ImGui\ImGuiLayer.h">
      <Filter>Header Files</Filter>
    </ClInclude>
    <ClInclude Include="C:\GE Series\Practice Engine\Practice\Practice\src\Lilasoul\Input.h">
      <Filter>Header Files</Filter>
    </ClInclude>
    <ClInclude Include="C:\GE Series\Practice Engine\Practice\Practice\src\Lilasoul\Keycodes.h">
      <Filter>Header Files</Filter>
    </ClInclude>
    <ClInclude Include="C:\GE Series\Practice Engine\Practice\Practice\src\Lilasoul\Layer.h">
      <Filter>Header Files</Filter>
    </ClInclude>
    <ClInclude Include="C:\GE Series\Practice Engine\Practice\Practice\src\Lilasoul\LayerStack.h">
      <Filter>Header Files</Filter>
    </ClInclude>
    <ClInclude Include="C:\GE Series\Practice Engine\Practice\Practice\src\Lilasoul\Log.h">
      <Filter>Header Files</Filter>
    </ClInclude>
    <ClInclude Include="C:\GE Series\Practice Engine\Practice\Practice\src\Lilasoul\MouseButtonCodes.h">
      <Filter>Header Files</Filter>
    </ClInclude>
    <ClInclude Include="C:\GE Series\Practice Engine\Practice\Practice\src\Lilasoul\Window.h">
      <Filter>Header Files</Filter>
    </ClInclude>
    <ClInclude Include="C:\GE Series\Practice Engine\Practice\Practice\src\Platform\OpenGL\ImGuiOpenGLRenderer.h">
      <Filter>Header Files</Filter>
    </ClInclude>
    <ClInclude Include="C:\GE Series\Practice Engine\Practice\Practice\src\Platform\OpenGL\ImGuiOpenGLRendererLoader.h">
      <Filter>Header Files</Filter>
    </ClInclude>
    <ClInclude Include="C:\GE Series\Practice Engine\Practice\Practice\src\Platform\Windows\WindowsInput.h">
      <Filter>Header Files</Filter>
    </ClInclude>
    <ClInclude Include="C:\GE Series\Practice Engine\Practice\Practice\src\Platform\Windows\WindowsWindow.h">
      <Filter>Header Files</Filter>
    </ClInclude>
    <ClInclude Include="C:\GE Series\Practice Engine\Practice\Practice\CMakeFiles\Lilasoul.dir\Debug\cmake_pch.hxx">
      <Filter>Precompile Header File</Filter>
    </ClInclude>
    <ClInclude Include="C:\GE Series\Practice Engine\Practice\Practice\CMakeFiles\Lilasoul.dir\Release\cmake_pch.hxx">
      <Filter>Precompile Header File</Filter>
    </ClInclude>
    <ClInclude Include="C:\GE Series\Practice Engine\Practice\Practice\CMakeFiles\Lilasoul.dir\Dist\cmake_pch.hxx">
      <Filter>Precompile Header File</Filter>
    </ClInclude>
  </ItemGroup>
  <ItemGroup>
    <CustomBuild Include="C:\GE Series\Practice Engine\Practice\Practice\CMakeLists.txt" />
  </ItemGroup>
  <ItemGroup>
    <Filter Include="Header Files">
      <UniqueIdentifier>{E0D0B693-9636-3A67-ACCF-B1BED387F517}</UniqueIdentifier>
    </Filter>
    <Filter Include="Precompile Header File">
      <UniqueIdentifier>{0261A3E9-FEF3-3D56-8A05-3D3D88D9525D}</UniqueIdentifier>
    </Filter>
    <Filter Include="Source Files">
      <UniqueIdentifier>{BE6B1BAF-D763-3652-91C2-E3C331B18E91}</UniqueIdentifier>
    </Filter>
  </ItemGroup>
</Project>
