
Microsoft Visual Studio Solution File, Format Version 12.00
# Visual Studio Version 17
Project("{2150E333-8FDC-42A3-9474-1A3956D46DE8}") = "CMakePredefinedTargets", "CMakePredefinedTargets", "{6B047CB3-0FB3-3E40-BF9B-12247D6DF6E6}"
EndProject
Project("{2150E333-8FDC-42A3-9474-1A3956D46DE8}") = "GLFW3", "GLFW3", "{01AE1033-B1DF-3D93-A29B-B1C0E5D6FEC6}"
EndProject
Project("{8BC9CEB8-8B4A-11D0-8D11-00A0C91BC942}") = "Sandbox", "Sandbox\Sandbox.vcxproj", "{08E480B5-6763-3599-9910-49FF4962B15A}"
	ProjectSection(ProjectDependencies) = postProject
		{F99CAC7B-E0DD-3168-99D5-3224EE4CED46} = {F99CAC7B-E0DD-3168-99D5-3224EE4CED46}
		{9305BBEC-6AA1-39D2-B0BE-ED1898DDF0B9} = {9305BBEC-6AA1-39D2-B0BE-ED1898DDF0B9}
	EndProjectSection
EndProject
Project("{8BC9CEB8-8B4A-11D0-8D11-00A0C91BC942}") = "ALL_BUILD", "ALL_BUILD.vcxproj", "{71F34FA8-9221-35CF-AA4D-147C8C685AA8}"
	ProjectSection(ProjectDependencies) = postProject
		{F99CAC7B-E0DD-3168-99D5-3224EE4CED46} = {F99CAC7B-E0DD-3168-99D5-3224EE4CED46}
		{08E480B5-6763-3599-9910-49FF4962B15A} = {08E480B5-6763-3599-9910-49FF4962B15A}
		{9305BBEC-6AA1-39D2-B0BE-ED1898DDF0B9} = {9305BBEC-6AA1-39D2-B0BE-ED1898DDF0B9}
		{8127A01F-C5DA-389B-A41E-03FA41E1773C} = {8127A01F-C5DA-389B-A41E-03FA41E1773C}
		{2D71B047-CC6A-3C1B-884B-AD448CA83AD1} = {2D71B047-CC6A-3C1B-884B-AD448CA83AD1}
		{63B6C87A-0B0B-3056-B9F9-E3ABA87CDD1A} = {63B6C87A-0B0B-3056-B9F9-E3ABA87CDD1A}
		{CFF3EEA3-2A8E-3783-922C-61D39FCE2807} = {CFF3EEA3-2A8E-3783-922C-61D39FCE2807}
		{B204F28F-77F8-3FC8-B4B3-D2250BCA316F} = {B204F28F-77F8-3FC8-B4B3-D2250BCA316F}
		{754EC3F2-76D6-35E9-8BE3-CF38483CC7FD} = {754EC3F2-76D6-35E9-8BE3-CF38483CC7FD}
	EndProjectSection
EndProject
Project("{8BC9CEB8-8B4A-11D0-8D11-00A0C91BC942}") = "INSTALL", "INSTALL.vcxproj", "{796A393B-DB58-3E1F-99EA-75CC9D75EE5D}"
	ProjectSection(ProjectDependencies) = postProject
		{71F34FA8-9221-35CF-AA4D-147C8C685AA8} = {71F34FA8-9221-35CF-AA4D-147C8C685AA8}
		{9305BBEC-6AA1-39D2-B0BE-ED1898DDF0B9} = {9305BBEC-6AA1-39D2-B0BE-ED1898DDF0B9}
	EndProjectSection
EndProject
Project("{8BC9CEB8-8B4A-11D0-8D11-00A0C91BC942}") = "Lilasoul", "Practice\Lilasoul.vcxproj", "{F99CAC7B-E0DD-3168-99D5-3224EE4CED46}"
	ProjectSection(ProjectDependencies) = postProject
		{9305BBEC-6AA1-39D2-B0BE-ED1898DDF0B9} = {9305BBEC-6AA1-39D2-B0BE-ED1898DDF0B9}
		{2D71B047-CC6A-3C1B-884B-AD448CA83AD1} = {2D71B047-CC6A-3C1B-884B-AD448CA83AD1}
		{63B6C87A-0B0B-3056-B9F9-E3ABA87CDD1A} = {63B6C87A-0B0B-3056-B9F9-E3ABA87CDD1A}
		{CFF3EEA3-2A8E-3783-922C-61D39FCE2807} = {CFF3EEA3-2A8E-3783-922C-61D39FCE2807}
		{B204F28F-77F8-3FC8-B4B3-D2250BCA316F} = {B204F28F-77F8-3FC8-B4B3-D2250BCA316F}
	EndProjectSection
EndProject
Project("{8BC9CEB8-8B4A-11D0-8D11-00A0C91BC942}") = "ZERO_CHECK", "ZERO_CHECK.vcxproj", "{9305BBEC-6AA1-39D2-B0BE-ED1898DDF0B9}"
	ProjectSection(ProjectDependencies) = postProject
	EndProjectSection
EndProject
Project("{8BC9CEB8-8B4A-11D0-8D11-00A0C91BC942}") = "docs", "Practice\vendor\glfw\docs\docs.vcxproj", "{8127A01F-C5DA-389B-A41E-03FA41E1773C}"
	ProjectSection(ProjectDependencies) = postProject
		{9305BBEC-6AA1-39D2-B0BE-ED1898DDF0B9} = {9305BBEC-6AA1-39D2-B0BE-ED1898DDF0B9}
	EndProjectSection
EndProject
Project("{8BC9CEB8-8B4A-11D0-8D11-00A0C91BC942}") = "glad", "Practice\vendor\GLAD\glad.vcxproj", "{2D71B047-CC6A-3C1B-884B-AD448CA83AD1}"
	ProjectSection(ProjectDependencies) = postProject
		{9305BBEC-6AA1-39D2-B0BE-ED1898DDF0B9} = {9305BBEC-6AA1-39D2-B0BE-ED1898DDF0B9}
	EndProjectSection
EndProject
Project("{8BC9CEB8-8B4A-11D0-8D11-00A0C91BC942}") = "glfw", "Practice\vendor\glfw\src\glfw.vcxproj", "{63B6C87A-0B0B-3056-B9F9-E3ABA87CDD1A}"
	ProjectSection(ProjectDependencies) = postProject
		{9305BBEC-6AA1-39D2-B0BE-ED1898DDF0B9} = {9305BBEC-6AA1-39D2-B0BE-ED1898DDF0B9}
	EndProjectSection
EndProject
Project("{8BC9CEB8-8B4A-11D0-8D11-00A0C91BC942}") = "glm", "Practice\vendor\glm\glm\glm.vcxproj", "{CFF3EEA3-2A8E-3783-922C-61D39FCE2807}"
	ProjectSection(ProjectDependencies) = postProject
		{9305BBEC-6AA1-39D2-B0BE-ED1898DDF0B9} = {9305BBEC-6AA1-39D2-B0BE-ED1898DDF0B9}
	EndProjectSection
EndProject
Project("{8BC9CEB8-8B4A-11D0-8D11-00A0C91BC942}") = "imgui", "Practice\vendor\imgui\imgui.vcxproj", "{B204F28F-77F8-3FC8-B4B3-D2250BCA316F}"
	ProjectSection(ProjectDependencies) = postProject
		{9305BBEC-6AA1-39D2-B0BE-ED1898DDF0B9} = {9305BBEC-6AA1-39D2-B0BE-ED1898DDF0B9}
		{2D71B047-CC6A-3C1B-884B-AD448CA83AD1} = {2D71B047-CC6A-3C1B-884B-AD448CA83AD1}
		{63B6C87A-0B0B-3056-B9F9-E3ABA87CDD1A} = {63B6C87A-0B0B-3056-B9F9-E3ABA87CDD1A}
	EndProjectSection
EndProject
Project("{8BC9CEB8-8B4A-11D0-8D11-00A0C91BC942}") = "imgui_impl_glfw", "Practice\vendor\imgui\imgui_impl_glfw.vcxproj", "{754EC3F2-76D6-35E9-8BE3-CF38483CC7FD}"
	ProjectSection(ProjectDependencies) = postProject
		{9305BBEC-6AA1-39D2-B0BE-ED1898DDF0B9} = {9305BBEC-6AA1-39D2-B0BE-ED1898DDF0B9}
		{2D71B047-CC6A-3C1B-884B-AD448CA83AD1} = {2D71B047-CC6A-3C1B-884B-AD448CA83AD1}
		{63B6C87A-0B0B-3056-B9F9-E3ABA87CDD1A} = {63B6C87A-0B0B-3056-B9F9-E3ABA87CDD1A}
		{B204F28F-77F8-3FC8-B4B3-D2250BCA316F} = {B204F28F-77F8-3FC8-B4B3-D2250BCA316F}
	EndProjectSection
EndProject
Project("{8BC9CEB8-8B4A-11D0-8D11-00A0C91BC942}") = "uninstall", "Practice\vendor\glfw\uninstall.vcxproj", "{4FF91B98-AE53-334E-AD5B-26BC258E17E6}"
	ProjectSection(ProjectDependencies) = postProject
		{9305BBEC-6AA1-39D2-B0BE-ED1898DDF0B9} = {9305BBEC-6AA1-39D2-B0BE-ED1898DDF0B9}
	EndProjectSection
EndProject
Project("{8BC9CEB8-8B4A-11D0-8D11-00A0C91BC942}") = "update_mappings", "Practice\vendor\glfw\src\update_mappings.vcxproj", "{D6A144A7-CAEE-3C79-8BB9-E01890CF6F7D}"
	ProjectSection(ProjectDependencies) = postProject
		{9305BBEC-6AA1-39D2-B0BE-ED1898DDF0B9} = {9305BBEC-6AA1-39D2-B0BE-ED1898DDF0B9}
	EndProjectSection
EndProject
Global
	GlobalSection(SolutionConfigurationPlatforms) = preSolution
		Debug|x64 = Debug|x64
		Release|x64 = Release|x64
		Dist|x64 = Dist|x64
	EndGlobalSection
	GlobalSection(ProjectConfigurationPlatforms) = postSolution
		{08E480B5-6763-3599-9910-49FF4962B15A}.Debug|x64.ActiveCfg = Debug|x64
		{08E480B5-6763-3599-9910-49FF4962B15A}.Debug|x64.Build.0 = Debug|x64
		{08E480B5-6763-3599-9910-49FF4962B15A}.Release|x64.ActiveCfg = Release|x64
		{08E480B5-6763-3599-9910-49FF4962B15A}.Release|x64.Build.0 = Release|x64
		{08E480B5-6763-3599-9910-49FF4962B15A}.Dist|x64.ActiveCfg = Dist|x64
		{08E480B5-6763-3599-9910-49FF4962B15A}.Dist|x64.Build.0 = Dist|x64
		{71F34FA8-9221-35CF-AA4D-147C8C685AA8}.Debug|x64.ActiveCfg = Debug|x64
		{71F34FA8-9221-35CF-AA4D-147C8C685AA8}.Debug|x64.Build.0 = Debug|x64
		{71F34FA8-9221-35CF-AA4D-147C8C685AA8}.Release|x64.ActiveCfg = Release|x64
		{71F34FA8-9221-35CF-AA4D-147C8C685AA8}.Release|x64.Build.0 = Release|x64
		{71F34FA8-9221-35CF-AA4D-147C8C685AA8}.Dist|x64.ActiveCfg = Dist|x64
		{71F34FA8-9221-35CF-AA4D-147C8C685AA8}.Dist|x64.Build.0 = Dist|x64
		{796A393B-DB58-3E1F-99EA-75CC9D75EE5D}.Debug|x64.ActiveCfg = Debug|x64
		{796A393B-DB58-3E1F-99EA-75CC9D75EE5D}.Release|x64.ActiveCfg = Release|x64
		{796A393B-DB58-3E1F-99EA-75CC9D75EE5D}.Dist|x64.ActiveCfg = Dist|x64
		{F99CAC7B-E0DD-3168-99D5-3224EE4CED46}.Debug|x64.ActiveCfg = Debug|x64
		{F99CAC7B-E0DD-3168-99D5-3224EE4CED46}.Debug|x64.Build.0 = Debug|x64
		{F99CAC7B-E0DD-3168-99D5-3224EE4CED46}.Release|x64.ActiveCfg = Release|x64
		{F99CAC7B-E0DD-3168-99D5-3224EE4CED46}.Release|x64.Build.0 = Release|x64
		{F99CAC7B-E0DD-3168-99D5-3224EE4CED46}.Dist|x64.ActiveCfg = Dist|x64
		{F99CAC7B-E0DD-3168-99D5-3224EE4CED46}.Dist|x64.Build.0 = Dist|x64
		{9305BBEC-6AA1-39D2-B0BE-ED1898DDF0B9}.Debug|x64.ActiveCfg = Debug|x64
		{9305BBEC-6AA1-39D2-B0BE-ED1898DDF0B9}.Debug|x64.Build.0 = Debug|x64
		{9305BBEC-6AA1-39D2-B0BE-ED1898DDF0B9}.Release|x64.ActiveCfg = Release|x64
		{9305BBEC-6AA1-39D2-B0BE-ED1898DDF0B9}.Release|x64.Build.0 = Release|x64
		{9305BBEC-6AA1-39D2-B0BE-ED1898DDF0B9}.Dist|x64.ActiveCfg = Dist|x64
		{9305BBEC-6AA1-39D2-B0BE-ED1898DDF0B9}.Dist|x64.Build.0 = Dist|x64
		{8127A01F-C5DA-389B-A41E-03FA41E1773C}.Debug|x64.ActiveCfg = Debug|x64
		{8127A01F-C5DA-389B-A41E-03FA41E1773C}.Debug|x64.Build.0 = Debug|x64
		{8127A01F-C5DA-389B-A41E-03FA41E1773C}.Release|x64.ActiveCfg = Release|x64
		{8127A01F-C5DA-389B-A41E-03FA41E1773C}.Release|x64.Build.0 = Release|x64
		{8127A01F-C5DA-389B-A41E-03FA41E1773C}.Dist|x64.ActiveCfg = Dist|x64
		{8127A01F-C5DA-389B-A41E-03FA41E1773C}.Dist|x64.Build.0 = Dist|x64
		{2D71B047-CC6A-3C1B-884B-AD448CA83AD1}.Debug|x64.ActiveCfg = Debug|x64
		{2D71B047-CC6A-3C1B-884B-AD448CA83AD1}.Debug|x64.Build.0 = Debug|x64
		{2D71B047-CC6A-3C1B-884B-AD448CA83AD1}.Release|x64.ActiveCfg = Release|x64
		{2D71B047-CC6A-3C1B-884B-AD448CA83AD1}.Release|x64.Build.0 = Release|x64
		{2D71B047-CC6A-3C1B-884B-AD448CA83AD1}.Dist|x64.ActiveCfg = Dist|x64
		{2D71B047-CC6A-3C1B-884B-AD448CA83AD1}.Dist|x64.Build.0 = Dist|x64
		{63B6C87A-0B0B-3056-B9F9-E3ABA87CDD1A}.Debug|x64.ActiveCfg = Debug|x64
		{63B6C87A-0B0B-3056-B9F9-E3ABA87CDD1A}.Debug|x64.Build.0 = Debug|x64
		{63B6C87A-0B0B-3056-B9F9-E3ABA87CDD1A}.Release|x64.ActiveCfg = Release|x64
		{63B6C87A-0B0B-3056-B9F9-E3ABA87CDD1A}.Release|x64.Build.0 = Release|x64
		{63B6C87A-0B0B-3056-B9F9-E3ABA87CDD1A}.Dist|x64.ActiveCfg = Dist|x64
		{63B6C87A-0B0B-3056-B9F9-E3ABA87CDD1A}.Dist|x64.Build.0 = Dist|x64
		{CFF3EEA3-2A8E-3783-922C-61D39FCE2807}.Debug|x64.ActiveCfg = Debug|x64
		{CFF3EEA3-2A8E-3783-922C-61D39FCE2807}.Debug|x64.Build.0 = Debug|x64
		{CFF3EEA3-2A8E-3783-922C-61D39FCE2807}.Release|x64.ActiveCfg = Release|x64
		{CFF3EEA3-2A8E-3783-922C-61D39FCE2807}.Release|x64.Build.0 = Release|x64
		{CFF3EEA3-2A8E-3783-922C-61D39FCE2807}.Dist|x64.ActiveCfg = Dist|x64
		{CFF3EEA3-2A8E-3783-922C-61D39FCE2807}.Dist|x64.Build.0 = Dist|x64
		{B204F28F-77F8-3FC8-B4B3-D2250BCA316F}.Debug|x64.ActiveCfg = Debug|x64
		{B204F28F-77F8-3FC8-B4B3-D2250BCA316F}.Debug|x64.Build.0 = Debug|x64
		{B204F28F-77F8-3FC8-B4B3-D2250BCA316F}.Release|x64.ActiveCfg = Release|x64
		{B204F28F-77F8-3FC8-B4B3-D2250BCA316F}.Release|x64.Build.0 = Release|x64
		{B204F28F-77F8-3FC8-B4B3-D2250BCA316F}.Dist|x64.ActiveCfg = Dist|x64
		{B204F28F-77F8-3FC8-B4B3-D2250BCA316F}.Dist|x64.Build.0 = Dist|x64
		{754EC3F2-76D6-35E9-8BE3-CF38483CC7FD}.Debug|x64.ActiveCfg = Debug|x64
		{754EC3F2-76D6-35E9-8BE3-CF38483CC7FD}.Debug|x64.Build.0 = Debug|x64
		{754EC3F2-76D6-35E9-8BE3-CF38483CC7FD}.Release|x64.ActiveCfg = Release|x64
		{754EC3F2-76D6-35E9-8BE3-CF38483CC7FD}.Release|x64.Build.0 = Release|x64
		{754EC3F2-76D6-35E9-8BE3-CF38483CC7FD}.Dist|x64.ActiveCfg = Dist|x64
		{754EC3F2-76D6-35E9-8BE3-CF38483CC7FD}.Dist|x64.Build.0 = Dist|x64
		{4FF91B98-AE53-334E-AD5B-26BC258E17E6}.Debug|x64.ActiveCfg = Debug|x64
		{4FF91B98-AE53-334E-AD5B-26BC258E17E6}.Release|x64.ActiveCfg = Release|x64
		{4FF91B98-AE53-334E-AD5B-26BC258E17E6}.Dist|x64.ActiveCfg = Dist|x64
		{D6A144A7-CAEE-3C79-8BB9-E01890CF6F7D}.Debug|x64.ActiveCfg = Debug|x64
		{D6A144A7-CAEE-3C79-8BB9-E01890CF6F7D}.Release|x64.ActiveCfg = Release|x64
		{D6A144A7-CAEE-3C79-8BB9-E01890CF6F7D}.Dist|x64.ActiveCfg = Dist|x64
	EndGlobalSection
	GlobalSection(NestedProjects) = preSolution
		{71F34FA8-9221-35CF-AA4D-147C8C685AA8} = {6B047CB3-0FB3-3E40-BF9B-12247D6DF6E6}
		{796A393B-DB58-3E1F-99EA-75CC9D75EE5D} = {6B047CB3-0FB3-3E40-BF9B-12247D6DF6E6}
		{9305BBEC-6AA1-39D2-B0BE-ED1898DDF0B9} = {6B047CB3-0FB3-3E40-BF9B-12247D6DF6E6}
		{8127A01F-C5DA-389B-A41E-03FA41E1773C} = {01AE1033-B1DF-3D93-A29B-B1C0E5D6FEC6}
		{63B6C87A-0B0B-3056-B9F9-E3ABA87CDD1A} = {01AE1033-B1DF-3D93-A29B-B1C0E5D6FEC6}
		{4FF91B98-AE53-334E-AD5B-26BC258E17E6} = {01AE1033-B1DF-3D93-A29B-B1C0E5D6FEC6}
		{D6A144A7-CAEE-3C79-8BB9-E01890CF6F7D} = {01AE1033-B1DF-3D93-A29B-B1C0E5D6FEC6}
	EndGlobalSection
	GlobalSection(ExtensibilityGlobals) = postSolution
		SolutionGuid = {F0D73EBC-757E-38EE-A60F-FC838395CB9D}
	EndGlobalSection
	GlobalSection(ExtensibilityAddIns) = postSolution
	EndGlobalSection
EndGlobal
