<?xml version="1.0" encoding="utf-8"?>
<Project ToolsVersion="17.0" xmlns="http://schemas.microsoft.com/developer/msbuild/2003">
  <ItemGroup>
    <CustomBuild Include="C:\GE Series\Practice Engine\Practice\CMakeFiles\cef5bf4c2f635925406e49d7f033f354\generate.stamp.rule">
      <Filter>CMake Rules</Filter>
    </CustomBuild>
  </ItemGroup>
  <ItemGroup>
    <Filter Include="CMake Rules">
      <UniqueIdentifier>{4D951765-36CF-3F7B-9A4F-DBE3CE17379C}</UniqueIdentifier>
    </Filter>
  </ItemGroup>
</Project>
